
Microsoft Visual Studio Solution File, Format Version 12.00
# Visual Studio Version 17
VisualStudioVersion = 17.0.31903.59
MinimumVisualStudioVersion = 10.0.40219.1
Project("{2150E333-8FDC-42A3-9474-1A3956D46DE8}") = "apps", "apps", "{15B930AF-0305-4F47-B6C0-F90647C1BFFB}"
EndProject
Project("{9A19103F-16F7-4668-BE54-9A1E7A4F7556}") = "NineteenSevenFour.Gatehub", "apps\gatehub\NineteenSevenFour.Gatehub.csproj", "{DA387AB7-1F18-4AF3-A124-9C479F78EC99}"
EndProject
Project("{9A19103F-16F7-4668-BE54-9A1E7A4F7556}") = "NineteenSevenFour.Gatehub.Test", "apps\gatehub-test\NineteenSevenFour.Gatehub.Test.csproj", "{F9F27D47-8685-4DB6-9103-A51F07292443}"
EndProject
Project("{2150E333-8FDC-42A3-9474-1A3956D46DE8}") = "libs", "libs", "{87DF8A08-4C21-4F28-A898-728DD15E16E8}"
EndProject
Project("{9A19103F-16F7-4668-BE54-9A1E7A4F7556}") = "NineteenSevenFour.Gatehub.Domain", "libs\gatehub-domain\NineteenSevenFour.Gatehub.Domain.csproj", "{242E2815-E14E-4C07-B4A4-0F23937651EE}"
EndProject
Project("{9A19103F-16F7-4668-BE54-9A1E7A4F7556}") = "NineteenSevenFour.Gatehub.Domain.Test", "libs\gatehub-domain-test\NineteenSevenFour.Gatehub.Domain.Test.csproj", "{22CA2B50-461C-48B2-A957-37AA39A2E813}"
EndProject
Project("{9A19103F-16F7-4668-BE54-9A1E7A4F7556}") = "NineteenSevenFour.Gatehub.EFCore", "libs\gatehub-efcore\NineteenSevenFour.Gatehub.EFCore.csproj", "{FBB1A10E-BFFC-4D3E-8A46-090E3D5391F8}"
EndProject
Project("{9A19103F-16F7-4668-BE54-9A1E7A4F7556}") = "NineteenSevenFour.Gatehub.EFCore.Test", "libs\gatehub-efcore.test\NineteenSevenFour.Gatehub.EFCore.Test.csproj", "{AFA5752A-EC08-4114-A22B-3F11BEAB1820}"
EndProject
Project("{2150E333-8FDC-42A3-9474-1A3956D46DE8}") = "Solution Items", "Solution Items", "{9D06ACD4-68EA-4DC9-9F00-2E6958AB3D44}"
	ProjectSection(SolutionItems) = preProject
		.nx-dotnet.rc.json = .nx-dotnet.rc.json
		Directory.Build.props = Directory.Build.props
		Directory.Build.targets = Directory.Build.targets
	EndProjectSection
EndProject
Project("{9A19103F-16F7-4668-BE54-9A1E7A4F7556}") = "NineteenSevenFour.Gatehub.EFCore.SQLite", "libs\gatehub-efcore-sqlite\NineteenSevenFour.Gatehub.EFCore.SQLite.csproj", "{49B06363-711E-4271-A8A1-BA26E64AD150}"
EndProject
Project("{9A19103F-16F7-4668-BE54-9A1E7A4F7556}") = "NineteenSevenFour.Gatehub.EFCore.SQLite-test", "libs\gatehub-efcore-sqlite-test\NineteenSevenFour.Gatehub.EFCore.SQLite.Test.csproj", "{A5220C88-6CFC-4883-B42B-65FE8391023E}"
EndProject
Global
	GlobalSection(SolutionConfigurationPlatforms) = preSolution
		Debug|Any CPU = Debug|Any CPU
		Release|Any CPU = Release|Any CPU
	EndGlobalSection
	GlobalSection(ProjectConfigurationPlatforms) = postSolution
		{DA387AB7-1F18-4AF3-A124-9C479F78EC99}.Debug|Any CPU.ActiveCfg = Debug|Any CPU
		{DA387AB7-1F18-4AF3-A124-9C479F78EC99}.Debug|Any CPU.Build.0 = Debug|Any CPU
		{DA387AB7-1F18-4AF3-A124-9C479F78EC99}.Release|Any CPU.ActiveCfg = Release|Any CPU
		{DA387AB7-1F18-4AF3-A124-9C479F78EC99}.Release|Any CPU.Build.0 = Release|Any CPU
		{F9F27D47-8685-4DB6-9103-A51F07292443}.Debug|Any CPU.ActiveCfg = Debug|Any CPU
		{F9F27D47-8685-4DB6-9103-A51F07292443}.Debug|Any CPU.Build.0 = Debug|Any CPU
		{F9F27D47-8685-4DB6-9103-A51F07292443}.Release|Any CPU.ActiveCfg = Release|Any CPU
		{F9F27D47-8685-4DB6-9103-A51F07292443}.Release|Any CPU.Build.0 = Release|Any CPU
		{242E2815-E14E-4C07-B4A4-0F23937651EE}.Debug|Any CPU.ActiveCfg = Debug|Any CPU
		{242E2815-E14E-4C07-B4A4-0F23937651EE}.Debug|Any CPU.Build.0 = Debug|Any CPU
		{242E2815-E14E-4C07-B4A4-0F23937651EE}.Release|Any CPU.ActiveCfg = Release|Any CPU
		{242E2815-E14E-4C07-B4A4-0F23937651EE}.Release|Any CPU.Build.0 = Release|Any CPU
		{22CA2B50-461C-48B2-A957-37AA39A2E813}.Debug|Any CPU.ActiveCfg = Debug|Any CPU
		{22CA2B50-461C-48B2-A957-37AA39A2E813}.Debug|Any CPU.Build.0 = Debug|Any CPU
		{22CA2B50-461C-48B2-A957-37AA39A2E813}.Release|Any CPU.ActiveCfg = Release|Any CPU
		{22CA2B50-461C-48B2-A957-37AA39A2E813}.Release|Any CPU.Build.0 = Release|Any CPU
		{FBB1A10E-BFFC-4D3E-8A46-090E3D5391F8}.Debug|Any CPU.ActiveCfg = Debug|Any CPU
		{FBB1A10E-BFFC-4D3E-8A46-090E3D5391F8}.Debug|Any CPU.Build.0 = Debug|Any CPU
		{FBB1A10E-BFFC-4D3E-8A46-090E3D5391F8}.Release|Any CPU.ActiveCfg = Release|Any CPU
		{FBB1A10E-BFFC-4D3E-8A46-090E3D5391F8}.Release|Any CPU.Build.0 = Release|Any CPU
		{AFA5752A-EC08-4114-A22B-3F11BEAB1820}.Debug|Any CPU.ActiveCfg = Debug|Any CPU
		{AFA5752A-EC08-4114-A22B-3F11BEAB1820}.Debug|Any CPU.Build.0 = Debug|Any CPU
		{AFA5752A-EC08-4114-A22B-3F11BEAB1820}.Release|Any CPU.ActiveCfg = Release|Any CPU
		{AFA5752A-EC08-4114-A22B-3F11BEAB1820}.Release|Any CPU.Build.0 = Release|Any CPU
		{49B06363-711E-4271-A8A1-BA26E64AD150}.Debug|Any CPU.ActiveCfg = Debug|Any CPU
		{49B06363-711E-4271-A8A1-BA26E64AD150}.Debug|Any CPU.Build.0 = Debug|Any CPU
		{49B06363-711E-4271-A8A1-BA26E64AD150}.Release|Any CPU.ActiveCfg = Release|Any CPU
		{49B06363-711E-4271-A8A1-BA26E64AD150}.Release|Any CPU.Build.0 = Release|Any CPU
		{A5220C88-6CFC-4883-B42B-65FE8391023E}.Debug|Any CPU.ActiveCfg = Debug|Any CPU
		{A5220C88-6CFC-4883-B42B-65FE8391023E}.Debug|Any CPU.Build.0 = Debug|Any CPU
		{A5220C88-6CFC-4883-B42B-65FE8391023E}.Release|Any CPU.ActiveCfg = Release|Any CPU
		{A5220C88-6CFC-4883-B42B-65FE8391023E}.Release|Any CPU.Build.0 = Release|Any CPU
	EndGlobalSection
	GlobalSection(SolutionProperties) = preSolution
		HideSolutionNode = FALSE
	EndGlobalSection
	GlobalSection(NestedProjects) = preSolution
		{DA387AB7-1F18-4AF3-A124-9C479F78EC99} = {15B930AF-0305-4F47-B6C0-F90647C1BFFB}
		{F9F27D47-8685-4DB6-9103-A51F07292443} = {15B930AF-0305-4F47-B6C0-F90647C1BFFB}
		{242E2815-E14E-4C07-B4A4-0F23937651EE} = {87DF8A08-4C21-4F28-A898-728DD15E16E8}
		{22CA2B50-461C-48B2-A957-37AA39A2E813} = {87DF8A08-4C21-4F28-A898-728DD15E16E8}
		{FBB1A10E-BFFC-4D3E-8A46-090E3D5391F8} = {87DF8A08-4C21-4F28-A898-728DD15E16E8}
		{AFA5752A-EC08-4114-A22B-3F11BEAB1820} = {87DF8A08-4C21-4F28-A898-728DD15E16E8}
		{49B06363-711E-4271-A8A1-BA26E64AD150} = {87DF8A08-4C21-4F28-A898-728DD15E16E8}
		{A5220C88-6CFC-4883-B42B-65FE8391023E} = {87DF8A08-4C21-4F28-A898-728DD15E16E8}
	EndGlobalSection
	GlobalSection(ExtensibilityGlobals) = postSolution
		SolutionGuid = {2F599B48-C8F1-4DF2-A75B-C3A90893F148}
	EndGlobalSection
EndGlobal
